{
  "version": 4,
  "terraform_version": "1.6.3",
  "serial": 23,
  "lineage": "cd530a87-2fc1-30c5-0eda-a79e46602a50",
  "outputs": {},
  "resources": [
    {
      "module": "module.eks",
      "mode": "managed",
      "type": "aws_eks_cluster",
      "name": "eks_cluster",
      "provider": "provider[\"registry.terraform.io/hashicorp/aws\"]",
      "instances": [
        {
          "schema_version": 0,
          "attributes": {
            "arn": "arn:aws:eks:us-east-1:869366174385:cluster/challenge-eks-cluster",
            "certificate_authority": [
              {
                "data": "LS0tLS1CRUdJTiBDRVJUSUZJQ0FURS0tLS0tCk1JSURCVENDQWUyZ0F3SUJBZ0lJTGlPV2xNTklLd0l3RFFZSktvWklodmNOQVFFTEJRQXdGVEVUTUJFR0ExVUUKQXhNS2EzVmlaWEp1WlhSbGN6QWVGdzB5TXpFeE1EZ3hOVFUxTWpOYUZ3MHpNekV4TURVeE5qQXdNak5hTUJVeApFekFSQmdOVkJBTVRDbXQxWW1WeWJtVjBaWE13Z2dFaU1BMEdDU3FHU0liM0RRRUJBUVVBQTRJQkR3QXdnZ0VLCkFvSUJBUUQyZis1VVVUa0FkNlpablQxa05ORXZKdVFrY1FnT3M1WTlkOUlYYkNQZUhoeXE3Z0t6ajR3dVI4MUoKTFFrQ3JPN3NNb24xbmZWeDJva3hNQXBrMUhOeXdxR2tCUHVnd0p3bnkyMXFsdVVweGQxeFd5enVYOW8vb1hiVApTMXBuU3FQcjBLMkJoV201bXRFancyL3R1Qk9ETjZVS1grU1BqR3k1OVFOb05uVjd5YUxJVkxOdThMTGNxRUVWCktGVURvdmE2TmNRL2Q0ZE1OQlRhK2kxZTV1WlI1ZWVaK0Z3ZjlQOE5VZlpqU1R4b1luSmgrUWJGc0xqV2ViS0wKaVVvNkp3TDNLZFdnMnhrVU1YdTR2MFhyVEdESHlqV3piVytOQlhmNGFsSk15VmVFQWtZZThHTU0zMTFYaTJWOApkWEE4blZmN2pZZnJOMW5vMmd0eEFYQzZMVFNCQWdNQkFBR2pXVEJYTUE0R0ExVWREd0VCL3dRRUF3SUNwREFQCkJnTlZIUk1CQWY4RUJUQURBUUgvTUIwR0ExVWREZ1FXQkJRVDk5UURoNnRZeTRVNWVvNkxjSlRpRjVlVGJqQVYKQmdOVkhSRUVEakFNZ2dwcmRXSmxjbTVsZEdWek1BMEdDU3FHU0liM0RRRUJDd1VBQTRJQkFRQ3ZUcXdzUFhJVgpkSzBQQ0l4S2srdisyMkJRU0d1WGd4UVVjZW9XdysvNjdCeGZ5NHRhUUlyYXRPMFZ3eEdubVVPbXFlSHVCakJLClBueWtCaHhBejM3UHlIdFBPM3F1dEpMWjBacGhhZkZFMGxmbUZUK2ZURkYxaWZSUGEvSHdvK0VVTHVTYnpEQXkKSE4vYTNncGNXRm9xaVdQaHB4T3AwcVBTSjJjRithbmt1VG05SzdlTE1SamZCZHhWM2J2TXcydlE4OFU2dTdUUwpQVFA5amZlTXZFZllVRUx2K0tDYXExcFNiSWhYNzZtUXg3WFQ4U3dJenRuYlVlQ3htcEFqcHY1ZmdOY014UG01CjV5eko3bFNHVTFDNm5ubmxtNUZJOGdZMHhuR1VvZXZrOTZOcm4zRzlTTUhiczlBQlByclpSRjl0dnBBVUIxZ0QKaW9JY0o4eWRYT1p3Ci0tLS0tRU5EIENFUlRJRklDQVRFLS0tLS0K"
              }
            ],
            "cluster_id": null,
            "created_at": "2023-11-08 15:55:43.704 +0000 UTC",
            "enabled_cluster_log_types": null,
            "encryption_config": [],
            "endpoint": "https://8E4A188E38253A00646CE300EABD1AFA.gr7.us-east-1.eks.amazonaws.com",
            "id": "challenge-eks-cluster",
            "identity": [
              {
                "oidc": [
                  {
                    "issuer": "https://oidc.eks.us-east-1.amazonaws.com/id/8E4A188E38253A00646CE300EABD1AFA"
                  }
                ]
              }
            ],
            "kubernetes_network_config": [
              {
                "ip_family": "ipv4",
                "service_ipv4_cidr": "172.20.0.0/16",
                "service_ipv6_cidr": ""
              }
            ],
            "name": "challenge-eks-cluster",
            "outpost_config": [],
            "platform_version": "eks.3",
            "role_arn": "arn:aws:iam::869366174385:role/eks-cluster-role",
            "status": "ACTIVE",
            "tags": {
              "Name": "challenge-eks-cluster"
            },
            "tags_all": {
              "Name": "challenge-eks-cluster",
              "Terraform": "True"
            },
            "timeouts": null,
            "version": "1.28",
            "vpc_config": [
              {
                "cluster_security_group_id": "sg-0fb743960d4960168",
                "endpoint_private_access": false,
                "endpoint_public_access": true,
                "public_access_cidrs": [
                  "0.0.0.0/0"
                ],
                "security_group_ids": [
                  "sg-01d39198301899fff"
                ],
                "subnet_ids": [
                  "subnet-02f00eb9f86df0c73",
                  "subnet-0ef7a8c124eec226a"
                ],
                "vpc_id": "vpc-085a93071a5b140b0"
              }
            ]
          },
          "sensitive_attributes": [],
          "private": "eyJlMmJmYjczMC1lY2FhLTExZTYtOGY4OC0zNDM2M2JjN2M0YzAiOnsiY3JlYXRlIjoxODAwMDAwMDAwMDAwLCJkZWxldGUiOjkwMDAwMDAwMDAwMCwidXBkYXRlIjozNjAwMDAwMDAwMDAwfX0=",
          "dependencies": [
            "module.eks.aws_iam_role.eks_role",
            "module.security_group_eks.aws_security_group.this",
            "module.vpc.aws_subnet.poc-infra-subnet-publica-a",
            "module.vpc.aws_subnet.poc-infra-subnet-publica-b",
            "module.vpc.aws_vpc.poc-infra-vpc"
          ]
        }
      ]
    },
    {
      "module": "module.eks",
      "mode": "managed",
      "type": "aws_iam_policy",
      "name": "eks_policy",
      "provider": "provider[\"registry.terraform.io/hashicorp/aws\"]",
      "instances": [
        {
          "schema_version": 0,
          "attributes": {
            "arn": "arn:aws:iam::869366174385:policy/eks-cluster-policy",
            "description": "Policy for EKS Cluster",
            "id": "arn:aws:iam::869366174385:policy/eks-cluster-policy",
            "name": "eks-cluster-policy",
            "name_prefix": "",
            "path": "/",
            "policy": "{\"Statement\":[{\"Action\":[\"eks:DescribeCluster\",\"eks:ListNodegroups\",\"eks:ListUpdates\",\"eks:CreateNodegroup\",\"eks:DeleteNodegroup\"],\"Effect\":\"Allow\",\"Resource\":\"*\"}],\"Version\":\"2012-10-17\"}",
            "policy_id": "ANPA4U2SDCKY46KUNAEQG",
            "tags": null,
            "tags_all": {
              "Terraform": "True"
            }
          },
          "sensitive_attributes": [],
          "private": "bnVsbA=="
        }
      ]
    },
    {
      "module": "module.eks",
      "mode": "managed",
      "type": "aws_iam_policy_attachment",
      "name": "eks_policy_attachment",
      "provider": "provider[\"registry.terraform.io/hashicorp/aws\"]",
      "instances": [
        {
          "schema_version": 0,
          "attributes": {
            "groups": null,
            "id": "eks-policy-attachment",
            "name": "eks-policy-attachment",
            "policy_arn": "arn:aws:iam::869366174385:policy/eks-cluster-policy",
            "roles": [
              "eks-cluster-role"
            ],
            "users": null
          },
          "sensitive_attributes": [],
          "private": "bnVsbA==",
          "dependencies": [
            "module.eks.aws_iam_policy.eks_policy",
            "module.eks.aws_iam_role.eks_role"
          ]
        }
      ]
    },
    {
      "module": "module.eks",
      "mode": "managed",
      "type": "aws_iam_role",
      "name": "eks_role",
      "provider": "provider[\"registry.terraform.io/hashicorp/aws\"]",
      "instances": [
        {
          "schema_version": 0,
          "attributes": {
            "arn": "arn:aws:iam::869366174385:role/eks-cluster-role",
            "assume_role_policy": "{\"Statement\":[{\"Action\":\"sts:AssumeRole\",\"Effect\":\"Allow\",\"Principal\":{\"Service\":\"eks.amazonaws.com\"}}],\"Version\":\"2012-10-17\"}",
            "create_date": "2023-11-08T15:55:40Z",
            "description": "",
            "force_detach_policies": false,
            "id": "eks-cluster-role",
            "inline_policy": [],
            "managed_policy_arns": [],
            "max_session_duration": 3600,
            "name": "eks-cluster-role",
            "name_prefix": "",
            "path": "/",
            "permissions_boundary": null,
            "role_last_used": [
              {
                "last_used_date": "",
                "region": ""
              }
            ],
            "tags": null,
            "tags_all": {
              "Terraform": "True"
            },
            "unique_id": "AROA4U2SDCKY3VMNV5MDZ"
          },
          "sensitive_attributes": [],
          "private": "bnVsbA=="
        }
      ]
    },
    {
      "module": "module.security_group_eks",
      "mode": "managed",
      "type": "aws_security_group",
      "name": "this",
      "provider": "provider[\"registry.terraform.io/hashicorp/aws\"]",
      "instances": [
        {
          "schema_version": 1,
          "attributes": {
            "arn": "arn:aws:ec2:us-east-1:869366174385:security-group/sg-01d39198301899fff",
            "description": "Permite a conexao publica com eks ",
            "egress": [
              {
                "cidr_blocks": [
                  "0.0.0.0/0"
                ],
                "description": "",
                "from_port": 0,
                "ipv6_cidr_blocks": [],
                "prefix_list_ids": [],
                "protocol": "tcp",
                "security_groups": [],
                "self": false,
                "to_port": 0
              }
            ],
            "id": "sg-01d39198301899fff",
            "ingress": [
              {
                "cidr_blocks": [
                  "0.0.0.0/0"
                ],
                "description": "TCP eks Allowed",
                "from_port": 5432,
                "ipv6_cidr_blocks": [],
                "prefix_list_ids": [],
                "protocol": "tcp",
                "security_groups": [],
                "self": false,
                "to_port": 5432
              }
            ],
            "name": "challenge-fiap-eks",
            "name_prefix": "",
            "owner_id": "869366174385",
            "revoke_rules_on_delete": false,
            "tags": {
              "Name": "challenge-fiap-eks"
            },
            "tags_all": {
              "Name": "challenge-fiap-eks",
              "Terraform": "True"
            },
            "timeouts": null,
            "vpc_id": "vpc-085a93071a5b140b0"
          },
          "sensitive_attributes": [],
          "private": "eyJlMmJmYjczMC1lY2FhLTExZTYtOGY4OC0zNDM2M2JjN2M0YzAiOnsiY3JlYXRlIjo2MDAwMDAwMDAwMDAsImRlbGV0ZSI6OTAwMDAwMDAwMDAwfSwic2NoZW1hX3ZlcnNpb24iOiIxIn0=",
          "dependencies": [
            "module.vpc.aws_vpc.poc-infra-vpc"
          ]
        }
      ]
    },
    {
      "module": "module.vpc",
      "mode": "managed",
      "type": "aws_eip",
      "name": "eip-ngw",
      "provider": "provider[\"registry.terraform.io/hashicorp/aws\"]",
      "instances": [
        {
          "schema_version": 0,
          "attributes": {
            "address": null,
            "allocation_id": "eipalloc-0d8836a60310411a1",
            "associate_with_private_ip": null,
            "association_id": "eipassoc-0d6d31e85a0aaa857",
            "carrier_ip": "",
            "customer_owned_ip": "",
            "customer_owned_ipv4_pool": "",
            "domain": "vpc",
            "id": "eipalloc-0d8836a60310411a1",
            "instance": "",
            "network_border_group": "us-east-1",
            "network_interface": "eni-057fe28d61ea82d27",
            "private_dns": "ip-10-0-0-190.ec2.internal",
            "private_ip": "10.0.0.190",
            "public_dns": "ec2-44-217-208-235.compute-1.amazonaws.com",
            "public_ip": "44.217.208.235",
            "public_ipv4_pool": "amazon",
            "tags": {},
            "tags_all": {
              "Terraform": "True"
            },
            "timeouts": null,
            "vpc": true
          },
          "sensitive_attributes": [],
          "private": "eyJlMmJmYjczMC1lY2FhLTExZTYtOGY4OC0zNDM2M2JjN2M0YzAiOnsiZGVsZXRlIjoxODAwMDAwMDAwMDAsInJlYWQiOjkwMDAwMDAwMDAwMCwidXBkYXRlIjozMDAwMDAwMDAwMDB9fQ=="
        }
      ]
    },
    {
      "module": "module.vpc",
      "mode": "managed",
      "type": "aws_internet_gateway",
      "name": "poc-infra-igw",
      "provider": "provider[\"registry.terraform.io/hashicorp/aws\"]",
      "instances": [
        {
          "schema_version": 0,
          "attributes": {
            "arn": "arn:aws:ec2:us-east-1:869366174385:internet-gateway/igw-0bf95fa4897eed980",
            "id": "igw-0bf95fa4897eed980",
            "owner_id": "869366174385",
            "tags": {
              "Name": "challenge-fiap-main"
            },
            "tags_all": {
              "Name": "challenge-fiap-main",
              "Terraform": "True"
            },
            "timeouts": null,
            "vpc_id": "vpc-085a93071a5b140b0"
          },
          "sensitive_attributes": [],
          "private": "eyJlMmJmYjczMC1lY2FhLTExZTYtOGY4OC0zNDM2M2JjN2M0YzAiOnsiY3JlYXRlIjoxMjAwMDAwMDAwMDAwLCJkZWxldGUiOjEyMDAwMDAwMDAwMDAsInVwZGF0ZSI6MTIwMDAwMDAwMDAwMH19",
          "dependencies": [
            "module.vpc.aws_vpc.poc-infra-vpc"
          ]
        }
      ]
    },
    {
      "module": "module.vpc",
      "mode": "managed",
      "type": "aws_nat_gateway",
      "name": "poc-infra-nat-gw",
      "provider": "provider[\"registry.terraform.io/hashicorp/aws\"]",
      "instances": [
        {
          "schema_version": 0,
          "attributes": {
            "allocation_id": "eipalloc-0d8836a60310411a1",
            "association_id": "eipassoc-0d6d31e85a0aaa857",
            "connectivity_type": "public",
            "id": "nat-03d01e1b7548e0dfa",
            "network_interface_id": "eni-057fe28d61ea82d27",
            "private_ip": "10.0.0.190",
            "public_ip": "44.217.208.235",
            "subnet_id": "subnet-02f00eb9f86df0c73",
            "tags": {
              "Name": "challenge-fiap-nat-gateway"
            },
            "tags_all": {
              "Name": "challenge-fiap-nat-gateway",
              "Terraform": "True"
            }
          },
          "sensitive_attributes": [],
          "private": "bnVsbA==",
          "dependencies": [
            "module.vpc.aws_eip.eip-ngw",
            "module.vpc.aws_internet_gateway.poc-infra-igw",
            "module.vpc.aws_subnet.poc-infra-subnet-publica-a",
            "module.vpc.aws_vpc.poc-infra-vpc"
          ]
        }
      ]
    },
    {
      "module": "module.vpc",
      "mode": "managed",
      "type": "aws_route_table",
      "name": "privada-rt",
      "provider": "provider[\"registry.terraform.io/hashicorp/aws\"]",
      "instances": [
        {
          "schema_version": 0,
          "attributes": {
            "arn": "arn:aws:ec2:us-east-1:869366174385:route-table/rtb-0f963d3fc9e6c7fc5",
            "id": "rtb-0f963d3fc9e6c7fc5",
            "owner_id": "869366174385",
            "propagating_vgws": [],
            "route": [
              {
                "carrier_gateway_id": "",
                "cidr_block": "0.0.0.0/0",
                "core_network_arn": "",
                "destination_prefix_list_id": "",
                "egress_only_gateway_id": "",
                "gateway_id": "nat-03d01e1b7548e0dfa",
                "instance_id": "",
                "ipv6_cidr_block": "",
                "local_gateway_id": "",
                "nat_gateway_id": "",
                "network_interface_id": "",
                "transit_gateway_id": "",
                "vpc_endpoint_id": "",
                "vpc_peering_connection_id": ""
              }
            ],
            "tags": {
              "Name": "challenge-fiap-privada-rt"
            },
            "tags_all": {
              "Name": "challenge-fiap-privada-rt",
              "Terraform": "True"
            },
            "timeouts": null,
            "vpc_id": "vpc-085a93071a5b140b0"
          },
          "sensitive_attributes": [],
          "private": "eyJlMmJmYjczMC1lY2FhLTExZTYtOGY4OC0zNDM2M2JjN2M0YzAiOnsiY3JlYXRlIjozMDAwMDAwMDAwMDAsImRlbGV0ZSI6MzAwMDAwMDAwMDAwLCJ1cGRhdGUiOjEyMDAwMDAwMDAwMH19",
          "dependencies": [
            "module.vpc.aws_eip.eip-ngw",
            "module.vpc.aws_internet_gateway.poc-infra-igw",
            "module.vpc.aws_nat_gateway.poc-infra-nat-gw",
            "module.vpc.aws_subnet.poc-infra-subnet-publica-a",
            "module.vpc.aws_vpc.poc-infra-vpc"
          ]
        }
      ]
    },
    {
      "module": "module.vpc",
      "mode": "managed",
      "type": "aws_route_table",
      "name": "publica-rt",
      "provider": "provider[\"registry.terraform.io/hashicorp/aws\"]",
      "instances": [
        {
          "schema_version": 0,
          "attributes": {
            "arn": "arn:aws:ec2:us-east-1:869366174385:route-table/rtb-0d053fcee289f7ad3",
            "id": "rtb-0d053fcee289f7ad3",
            "owner_id": "869366174385",
            "propagating_vgws": [],
            "route": [
              {
                "carrier_gateway_id": "",
                "cidr_block": "0.0.0.0/0",
                "core_network_arn": "",
                "destination_prefix_list_id": "",
                "egress_only_gateway_id": "",
                "gateway_id": "igw-0bf95fa4897eed980",
                "instance_id": "",
                "ipv6_cidr_block": "",
                "local_gateway_id": "",
                "nat_gateway_id": "",
                "network_interface_id": "",
                "transit_gateway_id": "",
                "vpc_endpoint_id": "",
                "vpc_peering_connection_id": ""
              }
            ],
            "tags": {
              "Name": "challenge-fiap-publica-rt"
            },
            "tags_all": {
              "Name": "challenge-fiap-publica-rt",
              "Terraform": "True"
            },
            "timeouts": null,
            "vpc_id": "vpc-085a93071a5b140b0"
          },
          "sensitive_attributes": [],
          "private": "eyJlMmJmYjczMC1lY2FhLTExZTYtOGY4OC0zNDM2M2JjN2M0YzAiOnsiY3JlYXRlIjozMDAwMDAwMDAwMDAsImRlbGV0ZSI6MzAwMDAwMDAwMDAwLCJ1cGRhdGUiOjEyMDAwMDAwMDAwMH19",
          "dependencies": [
            "module.vpc.aws_internet_gateway.poc-infra-igw",
            "module.vpc.aws_vpc.poc-infra-vpc"
          ]
        }
      ]
    },
    {
      "module": "module.vpc",
      "mode": "managed",
      "type": "aws_route_table_association",
      "name": "privada-rt-association-a",
      "provider": "provider[\"registry.terraform.io/hashicorp/aws\"]",
      "instances": [
        {
          "schema_version": 0,
          "attributes": {
            "gateway_id": "",
            "id": "rtbassoc-016baafada94e06b4",
            "route_table_id": "rtb-0f963d3fc9e6c7fc5",
            "subnet_id": "subnet-0a56e8e192e3be712",
            "timeouts": null
          },
          "sensitive_attributes": [],
          "private": "eyJlMmJmYjczMC1lY2FhLTExZTYtOGY4OC0zNDM2M2JjN2M0YzAiOnsiY3JlYXRlIjozMDAwMDAwMDAwMDAsImRlbGV0ZSI6MzAwMDAwMDAwMDAwLCJ1cGRhdGUiOjEyMDAwMDAwMDAwMH19",
          "dependencies": [
            "module.vpc.aws_eip.eip-ngw",
            "module.vpc.aws_internet_gateway.poc-infra-igw",
            "module.vpc.aws_nat_gateway.poc-infra-nat-gw",
            "module.vpc.aws_route_table.privada-rt",
            "module.vpc.aws_subnet.poc-infra-subnet-privada-a",
            "module.vpc.aws_subnet.poc-infra-subnet-publica-a",
            "module.vpc.aws_vpc.poc-infra-vpc"
          ]
        }
      ]
    },
    {
      "module": "module.vpc",
      "mode": "managed",
      "type": "aws_route_table_association",
      "name": "privada-rt-association-b",
      "provider": "provider[\"registry.terraform.io/hashicorp/aws\"]",
      "instances": [
        {
          "schema_version": 0,
          "attributes": {
            "gateway_id": "",
            "id": "rtbassoc-0da5352a93fc1bcd8",
            "route_table_id": "rtb-0f963d3fc9e6c7fc5",
            "subnet_id": "subnet-0121fb28d2fc7eda4",
            "timeouts": null
          },
          "sensitive_attributes": [],
          "private": "eyJlMmJmYjczMC1lY2FhLTExZTYtOGY4OC0zNDM2M2JjN2M0YzAiOnsiY3JlYXRlIjozMDAwMDAwMDAwMDAsImRlbGV0ZSI6MzAwMDAwMDAwMDAwLCJ1cGRhdGUiOjEyMDAwMDAwMDAwMH19",
          "dependencies": [
            "module.vpc.aws_eip.eip-ngw",
            "module.vpc.aws_internet_gateway.poc-infra-igw",
            "module.vpc.aws_nat_gateway.poc-infra-nat-gw",
            "module.vpc.aws_route_table.privada-rt",
            "module.vpc.aws_subnet.poc-infra-subnet-privada-b",
            "module.vpc.aws_subnet.poc-infra-subnet-publica-a",
            "module.vpc.aws_vpc.poc-infra-vpc"
          ]
        }
      ]
    },
    {
      "module": "module.vpc",
      "mode": "managed",
      "type": "aws_route_table_association",
      "name": "publica-rt-association-a",
      "provider": "provider[\"registry.terraform.io/hashicorp/aws\"]",
      "instances": [
        {
          "schema_version": 0,
          "attributes": {
            "gateway_id": "",
            "id": "rtbassoc-044cef889ebb3168e",
            "route_table_id": "rtb-0d053fcee289f7ad3",
            "subnet_id": "subnet-02f00eb9f86df0c73",
            "timeouts": null
          },
          "sensitive_attributes": [],
          "private": "eyJlMmJmYjczMC1lY2FhLTExZTYtOGY4OC0zNDM2M2JjN2M0YzAiOnsiY3JlYXRlIjozMDAwMDAwMDAwMDAsImRlbGV0ZSI6MzAwMDAwMDAwMDAwLCJ1cGRhdGUiOjEyMDAwMDAwMDAwMH19",
          "dependencies": [
            "module.vpc.aws_internet_gateway.poc-infra-igw",
            "module.vpc.aws_route_table.publica-rt",
            "module.vpc.aws_subnet.poc-infra-subnet-publica-a",
            "module.vpc.aws_vpc.poc-infra-vpc"
          ]
        }
      ]
    },
    {
      "module": "module.vpc",
      "mode": "managed",
      "type": "aws_route_table_association",
      "name": "publica-rt-association-b",
      "provider": "provider[\"registry.terraform.io/hashicorp/aws\"]",
      "instances": [
        {
          "schema_version": 0,
          "attributes": {
            "gateway_id": "",
            "id": "rtbassoc-0b94e5d9db59d3c6a",
            "route_table_id": "rtb-0d053fcee289f7ad3",
            "subnet_id": "subnet-0ef7a8c124eec226a",
            "timeouts": null
          },
          "sensitive_attributes": [],
          "private": "eyJlMmJmYjczMC1lY2FhLTExZTYtOGY4OC0zNDM2M2JjN2M0YzAiOnsiY3JlYXRlIjozMDAwMDAwMDAwMDAsImRlbGV0ZSI6MzAwMDAwMDAwMDAwLCJ1cGRhdGUiOjEyMDAwMDAwMDAwMH19",
          "dependencies": [
            "module.vpc.aws_internet_gateway.poc-infra-igw",
            "module.vpc.aws_route_table.publica-rt",
            "module.vpc.aws_subnet.poc-infra-subnet-publica-b",
            "module.vpc.aws_vpc.poc-infra-vpc"
          ]
        }
      ]
    },
    {
      "module": "module.vpc",
      "mode": "managed",
      "type": "aws_subnet",
      "name": "poc-infra-subnet-privada-a",
      "provider": "provider[\"registry.terraform.io/hashicorp/aws\"]",
      "instances": [
        {
          "schema_version": 1,
          "attributes": {
            "arn": "arn:aws:ec2:us-east-1:869366174385:subnet/subnet-0a56e8e192e3be712",
            "assign_ipv6_address_on_creation": false,
            "availability_zone": "us-east-1a",
            "availability_zone_id": "use1-az4",
            "cidr_block": "10.0.0.0/26",
            "customer_owned_ipv4_pool": "",
            "enable_dns64": false,
            "enable_lni_at_device_index": 0,
            "enable_resource_name_dns_a_record_on_launch": false,
            "enable_resource_name_dns_aaaa_record_on_launch": false,
            "id": "subnet-0a56e8e192e3be712",
            "ipv6_cidr_block": "",
            "ipv6_cidr_block_association_id": "",
            "ipv6_native": false,
            "map_customer_owned_ip_on_launch": false,
            "map_public_ip_on_launch": false,
            "outpost_arn": "",
            "owner_id": "869366174385",
            "private_dns_hostname_type_on_launch": "ip-name",
            "tags": {
              "Name": "challenge-fiap-subnet-privada-a"
            },
            "tags_all": {
              "Name": "challenge-fiap-subnet-privada-a",
              "Terraform": "True"
            },
            "timeouts": null,
            "vpc_id": "vpc-085a93071a5b140b0"
          },
          "sensitive_attributes": [],
          "private": "eyJlMmJmYjczMC1lY2FhLTExZTYtOGY4OC0zNDM2M2JjN2M0YzAiOnsiY3JlYXRlIjo2MDAwMDAwMDAwMDAsImRlbGV0ZSI6MTIwMDAwMDAwMDAwMH0sInNjaGVtYV92ZXJzaW9uIjoiMSJ9",
          "dependencies": [
            "module.vpc.aws_vpc.poc-infra-vpc"
          ]
        }
      ]
    },
    {
      "module": "module.vpc",
      "mode": "managed",
      "type": "aws_subnet",
      "name": "poc-infra-subnet-privada-b",
      "provider": "provider[\"registry.terraform.io/hashicorp/aws\"]",
      "instances": [
        {
          "schema_version": 1,
          "attributes": {
            "arn": "arn:aws:ec2:us-east-1:869366174385:subnet/subnet-0121fb28d2fc7eda4",
            "assign_ipv6_address_on_creation": false,
            "availability_zone": "us-east-1b",
            "availability_zone_id": "use1-az6",
            "cidr_block": "10.0.0.64/26",
            "customer_owned_ipv4_pool": "",
            "enable_dns64": false,
            "enable_lni_at_device_index": 0,
            "enable_resource_name_dns_a_record_on_launch": false,
            "enable_resource_name_dns_aaaa_record_on_launch": false,
            "id": "subnet-0121fb28d2fc7eda4",
            "ipv6_cidr_block": "",
            "ipv6_cidr_block_association_id": "",
            "ipv6_native": false,
            "map_customer_owned_ip_on_launch": false,
            "map_public_ip_on_launch": false,
            "outpost_arn": "",
            "owner_id": "869366174385",
            "private_dns_hostname_type_on_launch": "ip-name",
            "tags": {
              "Name": "challenge-fiap-subnet-privada-b"
            },
            "tags_all": {
              "Name": "challenge-fiap-subnet-privada-b",
              "Terraform": "True"
            },
            "timeouts": null,
            "vpc_id": "vpc-085a93071a5b140b0"
          },
          "sensitive_attributes": [],
          "private": "eyJlMmJmYjczMC1lY2FhLTExZTYtOGY4OC0zNDM2M2JjN2M0YzAiOnsiY3JlYXRlIjo2MDAwMDAwMDAwMDAsImRlbGV0ZSI6MTIwMDAwMDAwMDAwMH0sInNjaGVtYV92ZXJzaW9uIjoiMSJ9",
          "dependencies": [
            "module.vpc.aws_vpc.poc-infra-vpc"
          ]
        }
      ]
    },
    {
      "module": "module.vpc",
      "mode": "managed",
      "type": "aws_subnet",
      "name": "poc-infra-subnet-publica-a",
      "provider": "provider[\"registry.terraform.io/hashicorp/aws\"]",
      "instances": [
        {
          "schema_version": 1,
          "attributes": {
            "arn": "arn:aws:ec2:us-east-1:869366174385:subnet/subnet-02f00eb9f86df0c73",
            "assign_ipv6_address_on_creation": false,
            "availability_zone": "us-east-1a",
            "availability_zone_id": "use1-az4",
            "cidr_block": "10.0.0.128/26",
            "customer_owned_ipv4_pool": "",
            "enable_dns64": false,
            "enable_lni_at_device_index": 0,
            "enable_resource_name_dns_a_record_on_launch": false,
            "enable_resource_name_dns_aaaa_record_on_launch": false,
            "id": "subnet-02f00eb9f86df0c73",
            "ipv6_cidr_block": "",
            "ipv6_cidr_block_association_id": "",
            "ipv6_native": false,
            "map_customer_owned_ip_on_launch": false,
            "map_public_ip_on_launch": true,
            "outpost_arn": "",
            "owner_id": "869366174385",
            "private_dns_hostname_type_on_launch": "ip-name",
            "tags": {
              "Name": "challenge-fiap-subnet-publica-a"
            },
            "tags_all": {
              "Name": "challenge-fiap-subnet-publica-a",
              "Terraform": "True"
            },
            "timeouts": null,
            "vpc_id": "vpc-085a93071a5b140b0"
          },
          "sensitive_attributes": [],
          "private": "eyJlMmJmYjczMC1lY2FhLTExZTYtOGY4OC0zNDM2M2JjN2M0YzAiOnsiY3JlYXRlIjo2MDAwMDAwMDAwMDAsImRlbGV0ZSI6MTIwMDAwMDAwMDAwMH0sInNjaGVtYV92ZXJzaW9uIjoiMSJ9",
          "dependencies": [
            "module.vpc.aws_vpc.poc-infra-vpc"
          ]
        }
      ]
    },
    {
      "module": "module.vpc",
      "mode": "managed",
      "type": "aws_subnet",
      "name": "poc-infra-subnet-publica-b",
      "provider": "provider[\"registry.terraform.io/hashicorp/aws\"]",
      "instances": [
        {
          "schema_version": 1,
          "attributes": {
            "arn": "arn:aws:ec2:us-east-1:869366174385:subnet/subnet-0ef7a8c124eec226a",
            "assign_ipv6_address_on_creation": false,
            "availability_zone": "us-east-1b",
            "availability_zone_id": "use1-az6",
            "cidr_block": "10.0.0.192/26",
            "customer_owned_ipv4_pool": "",
            "enable_dns64": false,
            "enable_lni_at_device_index": 0,
            "enable_resource_name_dns_a_record_on_launch": false,
            "enable_resource_name_dns_aaaa_record_on_launch": false,
            "id": "subnet-0ef7a8c124eec226a",
            "ipv6_cidr_block": "",
            "ipv6_cidr_block_association_id": "",
            "ipv6_native": false,
            "map_customer_owned_ip_on_launch": false,
            "map_public_ip_on_launch": true,
            "outpost_arn": "",
            "owner_id": "869366174385",
            "private_dns_hostname_type_on_launch": "ip-name",
            "tags": {
              "Name": "challenge-fiap-subnet-publica-b"
            },
            "tags_all": {
              "Name": "challenge-fiap-subnet-publica-b",
              "Terraform": "True"
            },
            "timeouts": null,
            "vpc_id": "vpc-085a93071a5b140b0"
          },
          "sensitive_attributes": [],
          "private": "eyJlMmJmYjczMC1lY2FhLTExZTYtOGY4OC0zNDM2M2JjN2M0YzAiOnsiY3JlYXRlIjo2MDAwMDAwMDAwMDAsImRlbGV0ZSI6MTIwMDAwMDAwMDAwMH0sInNjaGVtYV92ZXJzaW9uIjoiMSJ9",
          "dependencies": [
            "module.vpc.aws_vpc.poc-infra-vpc"
          ]
        }
      ]
    },
    {
      "module": "module.vpc",
      "mode": "managed",
      "type": "aws_vpc",
      "name": "poc-infra-vpc",
      "provider": "provider[\"registry.terraform.io/hashicorp/aws\"]",
      "instances": [
        {
          "schema_version": 1,
          "attributes": {
            "arn": "arn:aws:ec2:us-east-1:869366174385:vpc/vpc-085a93071a5b140b0",
            "assign_generated_ipv6_cidr_block": false,
            "cidr_block": "10.0.0.0/24",
            "default_network_acl_id": "acl-068a968f651e90a3d",
            "default_route_table_id": "rtb-069e5b89c800518eb",
            "default_security_group_id": "sg-0e19b36605bb64e14",
            "dhcp_options_id": "dopt-09149382344fadacf",
            "enable_classiclink": false,
            "enable_classiclink_dns_support": false,
            "enable_dns_hostnames": true,
            "enable_dns_support": true,
            "enable_network_address_usage_metrics": false,
            "id": "vpc-085a93071a5b140b0",
            "instance_tenancy": "default",
            "ipv4_ipam_pool_id": null,
            "ipv4_netmask_length": null,
            "ipv6_association_id": "",
            "ipv6_cidr_block": "",
            "ipv6_cidr_block_network_border_group": "",
            "ipv6_ipam_pool_id": "",
            "ipv6_netmask_length": 0,
            "main_route_table_id": "rtb-069e5b89c800518eb",
            "owner_id": "869366174385",
            "tags": {
              "Name": "challenge-fiap-vpc"
            },
            "tags_all": {
              "Name": "challenge-fiap-vpc",
              "Terraform": "True"
            }
          },
          "sensitive_attributes": [],
          "private": "eyJzY2hlbWFfdmVyc2lvbiI6IjEifQ=="
        }
      ]
    }
  ],
  "check_results": null
}
